// !$*UTF8*$!
{
	archiveVersion = 1;
	classes = {
	};
	objectVersion = 55;
	objects = {

/* Begin PBXBuildFile section */
		8CCB5CA0290B75A300AFF657 /* Launch Screen.storyboard in Resources */ = {isa = PBXBuildFile; fileRef = 8CCB5C9F290B75A300AFF657 /* Launch Screen.storyboard */; };
		8CCB5CA6290B85C200AFF657 /* Extensions.swift in Sources */ = {isa = PBXBuildFile; fileRef = 8CCB5CA5290B85C200AFF657 /* Extensions.swift */; };
		8CD73E90290E2DBE00F561AB /* FeedView.swift in Sources */ = {isa = PBXBuildFile; fileRef = 8CD73E8F290E2DBE00F561AB /* FeedView.swift */; };
		8CD73E92290E2EFA00F561AB /* PostView.swift in Sources */ = {isa = PBXBuildFile; fileRef = 8CD73E91290E2EFA00F561AB /* PostView.swift */; };
		8CD73E95290E424900F561AB /* PostModel.swift in Sources */ = {isa = PBXBuildFile; fileRef = 8CD73E94290E424900F561AB /* PostModel.swift */; };
		8CD73E97290E459800F561AB /* PostArrayObjects.swift in Sources */ = {isa = PBXBuildFile; fileRef = 8CD73E96290E459800F561AB /* PostArrayObjects.swift */; };
		8CD73E99290F207500F561AB /* CommentView.swift in Sources */ = {isa = PBXBuildFile; fileRef = 8CD73E98290F207500F561AB /* CommentView.swift */; };
		8CD73E9B290F230000F561AB /* MessageView.swift in Sources */ = {isa = PBXBuildFile; fileRef = 8CD73E9A290F230000F561AB /* MessageView.swift */; };
		8CD73E9D290F851A00F561AB /* CommentModel.swift in Sources */ = {isa = PBXBuildFile; fileRef = 8CD73E9C290F851A00F561AB /* CommentModel.swift */; };
		8CE67E0929108F8C002126CC /* BrowseView.swift in Sources */ = {isa = PBXBuildFile; fileRef = 8CE67E0829108F8C002126CC /* BrowseView.swift */; };
		8CE67E0D2910B393002126CC /* CarouselView.swift in Sources */ = {isa = PBXBuildFile; fileRef = 8CE67E0C2910B393002126CC /* CarouselView.swift */; };
		8CE67E0F2910C33D002126CC /* ImageGridView.swift in Sources */ = {isa = PBXBuildFile; fileRef = 8CE67E0E2910C33D002126CC /* ImageGridView.swift */; };
		8CE67E112910CD25002126CC /* UploadView.swift in Sources */ = {isa = PBXBuildFile; fileRef = 8CE67E102910CD25002126CC /* UploadView.swift */; };
		D5BCD397290AEF2B001A38F8 /* HiBunnyApp.swift in Sources */ = {isa = PBXBuildFile; fileRef = D5BCD396290AEF2B001A38F8 /* HiBunnyApp.swift */; };
		D5BCD399290AEF2B001A38F8 /* ContentView.swift in Sources */ = {isa = PBXBuildFile; fileRef = D5BCD398290AEF2B001A38F8 /* ContentView.swift */; };
		D5BCD39B290AEF31001A38F8 /* Assets.xcassets in Resources */ = {isa = PBXBuildFile; fileRef = D5BCD39A290AEF31001A38F8 /* Assets.xcassets */; };
/* End PBXBuildFile section */

/* Begin PBXFileReference section */
		8CCB5C9F290B75A300AFF657 /* Launch Screen.storyboard */ = {isa = PBXFileReference; lastKnownFileType = file.storyboard; path = "Launch Screen.storyboard"; sourceTree = "<group>"; };
		8CCB5CA5290B85C200AFF657 /* Extensions.swift */ = {isa = PBXFileReference; lastKnownFileType = sourcecode.swift; path = Extensions.swift; sourceTree = "<group>"; };
		8CD73E8F290E2DBE00F561AB /* FeedView.swift */ = {isa = PBXFileReference; lastKnownFileType = sourcecode.swift; path = FeedView.swift; sourceTree = "<group>"; };
		8CD73E91290E2EFA00F561AB /* PostView.swift */ = {isa = PBXFileReference; lastKnownFileType = sourcecode.swift; path = PostView.swift; sourceTree = "<group>"; };
		8CD73E94290E424900F561AB /* PostModel.swift */ = {isa = PBXFileReference; lastKnownFileType = sourcecode.swift; path = PostModel.swift; sourceTree = "<group>"; };
		8CD73E96290E459800F561AB /* PostArrayObjects.swift */ = {isa = PBXFileReference; lastKnownFileType = sourcecode.swift; path = PostArrayObjects.swift; sourceTree = "<group>"; };
		8CD73E98290F207500F561AB /* CommentView.swift */ = {isa = PBXFileReference; lastKnownFileType = sourcecode.swift; path = CommentView.swift; sourceTree = "<group>"; };
		8CD73E9A290F230000F561AB /* MessageView.swift */ = {isa = PBXFileReference; lastKnownFileType = sourcecode.swift; path = MessageView.swift; sourceTree = "<group>"; };
		8CD73E9C290F851A00F561AB /* CommentModel.swift */ = {isa = PBXFileReference; lastKnownFileType = sourcecode.swift; path = CommentModel.swift; sourceTree = "<group>"; };
		8CE67E0829108F8C002126CC /* BrowseView.swift */ = {isa = PBXFileReference; lastKnownFileType = sourcecode.swift; path = BrowseView.swift; sourceTree = "<group>"; };
		8CE67E0C2910B393002126CC /* CarouselView.swift */ = {isa = PBXFileReference; fileEncoding = 4; lastKnownFileType = sourcecode.swift; path = CarouselView.swift; sourceTree = "<group>"; };
		8CE67E0E2910C33D002126CC /* ImageGridView.swift */ = {isa = PBXFileReference; lastKnownFileType = sourcecode.swift; path = ImageGridView.swift; sourceTree = "<group>"; };
		8CE67E102910CD25002126CC /* UploadView.swift */ = {isa = PBXFileReference; lastKnownFileType = sourcecode.swift; path = UploadView.swift; sourceTree = "<group>"; };
		D5BCD393290AEF2B001A38F8 /* HiBunny.app */ = {isa = PBXFileReference; explicitFileType = wrapper.application; includeInIndex = 0; path = HiBunny.app; sourceTree = BUILT_PRODUCTS_DIR; };
		D5BCD396290AEF2B001A38F8 /* HiBunnyApp.swift */ = {isa = PBXFileReference; lastKnownFileType = sourcecode.swift; path = HiBunnyApp.swift; sourceTree = "<group>"; };
		D5BCD398290AEF2B001A38F8 /* ContentView.swift */ = {isa = PBXFileReference; lastKnownFileType = sourcecode.swift; path = ContentView.swift; sourceTree = "<group>"; };
		D5BCD39A290AEF31001A38F8 /* Assets.xcassets */ = {isa = PBXFileReference; lastKnownFileType = folder.assetcatalog; path = Assets.xcassets; sourceTree = "<group>"; };
/* End PBXFileReference section */

/* Begin PBXFrameworksBuildPhase section */
		D5BCD390290AEF2B001A38F8 /* Frameworks */ = {
			isa = PBXFrameworksBuildPhase;
			buildActionMask = 2147483647;
			files = (
			);
			runOnlyForDeploymentPostprocessing = 0;
		};
/* End PBXFrameworksBuildPhase section */

/* Begin PBXGroup section */
		8CCB5CA1290B7E0300AFF657 /* Views */ = {
			isa = PBXGroup;
			children = (
				8CCB5CA3290B7E1C00AFF657 /* Screens */,
				8CCB5CA2290B7E1000AFF657 /* Subviews */,
			);
			path = Views;
			sourceTree = "<group>";
		};
		8CCB5CA2290B7E1000AFF657 /* Subviews */ = {
			isa = PBXGroup;
			children = (
				8CE67E0C2910B393002126CC /* CarouselView.swift */,
				8CD73E91290E2EFA00F561AB /* PostView.swift */,
				8CD73E9A290F230000F561AB /* MessageView.swift */,
				8CE67E0E2910C33D002126CC /* ImageGridView.swift */,
			);
			path = Subviews;
			sourceTree = "<group>";
		};
		8CCB5CA3290B7E1C00AFF657 /* Screens */ = {
			isa = PBXGroup;
			children = (
				D5BCD396290AEF2B001A38F8 /* HiBunnyApp.swift */,
				D5BCD398290AEF2B001A38F8 /* ContentView.swift */,
				8CD73E8F290E2DBE00F561AB /* FeedView.swift */,
				8CD73E98290F207500F561AB /* CommentView.swift */,
				8CE67E0829108F8C002126CC /* BrowseView.swift */,
				8CE67E102910CD25002126CC /* UploadView.swift */,
			);
			path = Screens;
			sourceTree = "<group>";
		};
		8CCB5CA4290B85AE00AFF657 /* Helpers */ = {
			isa = PBXGroup;
			children = (
				8CCB5CA5290B85C200AFF657 /* Extensions.swift */,
			);
			path = Helpers;
			sourceTree = "<group>";
		};
		8CD73E93290E423300F561AB /* Models */ = {
			isa = PBXGroup;
			children = (
				8CD73E94290E424900F561AB /* PostModel.swift */,
				8CD73E96290E459800F561AB /* PostArrayObjects.swift */,
				8CD73E9C290F851A00F561AB /* CommentModel.swift */,
			);
			path = Models;
			sourceTree = "<group>";
		};
		D5BCD38A290AEF2B001A38F8 = {
			isa = PBXGroup;
			children = (
				D5BCD395290AEF2B001A38F8 /* HiBunny */,
				D5BCD394290AEF2B001A38F8 /* Products */,
			);
			sourceTree = "<group>";
		};
		D5BCD394290AEF2B001A38F8 /* Products */ = {
			isa = PBXGroup;
			children = (
				D5BCD393290AEF2B001A38F8 /* HiBunny.app */,
			);
			name = Products;
			sourceTree = "<group>";
		};
		D5BCD395290AEF2B001A38F8 /* HiBunny */ = {
			isa = PBXGroup;
			children = (
				8CD73E93290E423300F561AB /* Models */,
				8CCB5CA4290B85AE00AFF657 /* Helpers */,
				8CCB5CA1290B7E0300AFF657 /* Views */,
				D5BCD39A290AEF31001A38F8 /* Assets.xcassets */,
				D5BCD39C290AEF31001A38F8 /* Preview Content */,
				8CCB5C9F290B75A300AFF657 /* Launch Screen.storyboard */,
			);
			path = HiBunny;
			sourceTree = "<group>";
		};
		D5BCD39C290AEF31001A38F8 /* Preview Content */ = {
			isa = PBXGroup;
			children = (
			);
			path = "Preview Content";
			sourceTree = "<group>";
		};
/* End PBXGroup section */

/* Begin PBXNativeTarget section */
		D5BCD392290AEF2B001A38F8 /* HiBunny */ = {
			isa = PBXNativeTarget;
			buildConfigurationList = D5BCD3A1290AEF31001A38F8 /* Build configuration list for PBXNativeTarget "HiBunny" */;
			buildPhases = (
				D5BCD38F290AEF2B001A38F8 /* Sources */,
				D5BCD390290AEF2B001A38F8 /* Frameworks */,
				D5BCD391290AEF2B001A38F8 /* Resources */,
			);
			buildRules = (
			);
			dependencies = (
			);
			name = HiBunny;
			productName = HiBunny;
			productReference = D5BCD393290AEF2B001A38F8 /* HiBunny.app */;
			productType = "com.apple.product-type.application";
		};
/* End PBXNativeTarget section */

/* Begin PBXProject section */
		D5BCD38B290AEF2B001A38F8 /* Project object */ = {
			isa = PBXProject;
			attributes = {
				BuildIndependentTargetsInParallel = 1;
				LastSwiftUpdateCheck = 1330;
				LastUpgradeCheck = 1330;
				TargetAttributes = {
					D5BCD392290AEF2B001A38F8 = {
						CreatedOnToolsVersion = 13.3.1;
					};
				};
			};
			buildConfigurationList = D5BCD38E290AEF2B001A38F8 /* Build configuration list for PBXProject "HiBunny" */;
			compatibilityVersion = "Xcode 13.0";
			developmentRegion = en;
			hasScannedForEncodings = 0;
			knownRegions = (
				en,
				Base,
			);
			mainGroup = D5BCD38A290AEF2B001A38F8;
			productRefGroup = D5BCD394290AEF2B001A38F8 /* Products */;
			projectDirPath = "";
			projectRoot = "";
			targets = (
				D5BCD392290AEF2B001A38F8 /* HiBunny */,
			);
		};
/* End PBXProject section */

/* Begin PBXResourcesBuildPhase section */
		D5BCD391290AEF2B001A38F8 /* Resources */ = {
			isa = PBXResourcesBuildPhase;
			buildActionMask = 2147483647;
			files = (
				8CCB5CA0290B75A300AFF657 /* Launch Screen.storyboard in Resources */,
				D5BCD39B290AEF31001A38F8 /* Assets.xcassets in Resources */,
			);
			runOnlyForDeploymentPostprocessing = 0;
		};
/* End PBXResourcesBuildPhase section */

/* Begin PBXSourcesBuildPhase section */
		D5BCD38F290AEF2B001A38F8 /* Sources */ = {
			isa = PBXSourcesBuildPhase;
			buildActionMask = 2147483647;
			files = (
				8CD73E90290E2DBE00F561AB /* FeedView.swift in Sources */,
				8CD73E97290E459800F561AB /* PostArrayObjects.swift in Sources */,
				8CD73E99290F207500F561AB /* CommentView.swift in Sources */,
				8CD73E9B290F230000F561AB /* MessageView.swift in Sources */,
				8CD73E95290E424900F561AB /* PostModel.swift in Sources */,
				D5BCD399290AEF2B001A38F8 /* ContentView.swift in Sources */,
				8CE67E0F2910C33D002126CC /* ImageGridView.swift in Sources */,
				8CCB5CA6290B85C200AFF657 /* Extensions.swift in Sources */,
				8CE67E0929108F8C002126CC /* BrowseView.swift in Sources */,
				8CD73E9D290F851A00F561AB /* CommentModel.swift in Sources */,
				8CD73E92290E2EFA00F561AB /* PostView.swift in Sources */,
				8CE67E112910CD25002126CC /* UploadView.swift in Sources */,
				8CE67E0D2910B393002126CC /* CarouselView.swift in Sources */,
				D5BCD397290AEF2B001A38F8 /* HiBunnyApp.swift in Sources */,
			);
			runOnlyForDeploymentPostprocessing = 0;
		};
/* End PBXSourcesBuildPhase section */

/* Begin XCBuildConfiguration section */
		D5BCD39F290AEF31001A38F8 /* Debug */ = {
			isa = XCBuildConfiguration;
			buildSettings = {
				ALWAYS_SEARCH_USER_PATHS = NO;
				CLANG_ANALYZER_NONNULL = YES;
				CLANG_ANALYZER_NUMBER_OBJECT_CONVERSION = YES_AGGRESSIVE;
				CLANG_CXX_LANGUAGE_STANDARD = "gnu++17";
				CLANG_ENABLE_MODULES = YES;
				CLANG_ENABLE_OBJC_ARC = YES;
				CLANG_ENABLE_OBJC_WEAK = YES;
				CLANG_WARN_BLOCK_CAPTURE_AUTORELEASING = YES;
				CLANG_WARN_BOOL_CONVERSION = YES;
				CLANG_WARN_COMMA = YES;
				CLANG_WARN_CONSTANT_CONVERSION = YES;
				CLANG_WARN_DEPRECATED_OBJC_IMPLEMENTATIONS = YES;
				CLANG_WARN_DIRECT_OBJC_ISA_USAGE = YES_ERROR;
				CLANG_WARN_DOCUMENTATION_COMMENTS = YES;
				CLANG_WARN_EMPTY_BODY = YES;
				CLANG_WARN_ENUM_CONVERSION = YES;
				CLANG_WARN_INFINITE_RECURSION = YES;
				CLANG_WARN_INT_CONVERSION = YES;
				CLANG_WARN_NON_LITERAL_NULL_CONVERSION = YES;
				CLANG_WARN_OBJC_IMPLICIT_RETAIN_SELF = YES;
				CLANG_WARN_OBJC_LITERAL_CONVERSION = YES;
				CLANG_WARN_OBJC_ROOT_CLASS = YES_ERROR;
				CLANG_WARN_QUOTED_INCLUDE_IN_FRAMEWORK_HEADER = YES;
				CLANG_WARN_RANGE_LOOP_ANALYSIS = YES;
				CLANG_WARN_STRICT_PROTOTYPES = YES;
				CLANG_WARN_SUSPICIOUS_MOVE = YES;
				CLANG_WARN_UNGUARDED_AVAILABILITY = YES_AGGRESSIVE;
				CLANG_WARN_UNREACHABLE_CODE = YES;
				CLANG_WARN__DUPLICATE_METHOD_MATCH = YES;
				COPY_PHASE_STRIP = NO;
				DEBUG_INFORMATION_FORMAT = dwarf;
				ENABLE_STRICT_OBJC_MSGSEND = YES;
				ENABLE_TESTABILITY = YES;
				GCC_C_LANGUAGE_STANDARD = gnu11;
				GCC_DYNAMIC_NO_PIC = NO;
				GCC_NO_COMMON_BLOCKS = YES;
				GCC_OPTIMIZATION_LEVEL = 0;
				GCC_PREPROCESSOR_DEFINITIONS = (
					"DEBUG=1",
					"$(inherited)",
				);
				GCC_WARN_64_TO_32_BIT_CONVERSION = YES;
				GCC_WARN_ABOUT_RETURN_TYPE = YES_ERROR;
				GCC_WARN_UNDECLARED_SELECTOR = YES;
				GCC_WARN_UNINITIALIZED_AUTOS = YES_AGGRESSIVE;
				GCC_WARN_UNUSED_FUNCTION = YES;
				GCC_WARN_UNUSED_VARIABLE = YES;
				IPHONEOS_DEPLOYMENT_TARGET = 15.4;
				MTL_ENABLE_DEBUG_INFO = INCLUDE_SOURCE;
				MTL_FAST_MATH = YES;
				ONLY_ACTIVE_ARCH = YES;
				SDKROOT = iphoneos;
				SWIFT_ACTIVE_COMPILATION_CONDITIONS = DEBUG;
				SWIFT_OPTIMIZATION_LEVEL = "-Onone";
			};
			name = Debug;
		};
		D5BCD3A0290AEF31001A38F8 /* Release */ = {
			isa = XCBuildConfiguration;
			buildSettings = {
				ALWAYS_SEARCH_USER_PATHS = NO;
				CLANG_ANALYZER_NONNULL = YES;
				CLANG_ANALYZER_NUMBER_OBJECT_CONVERSION = YES_AGGRESSIVE;
				CLANG_CXX_LANGUAGE_STANDARD = "gnu++17";
				CLANG_ENABLE_MODULES = YES;
				CLANG_ENABLE_OBJC_ARC = YES;
				CLANG_ENABLE_OBJC_WEAK = YES;
				CLANG_WARN_BLOCK_CAPTURE_AUTORELEASING = YES;
				CLANG_WARN_BOOL_CONVERSION = YES;
				CLANG_WARN_COMMA = YES;
				CLANG_WARN_CONSTANT_CONVERSION = YES;
				CLANG_WARN_DEPRECATED_OBJC_IMPLEMENTATIONS = YES;
				CLANG_WARN_DIRECT_OBJC_ISA_USAGE = YES_ERROR;
				CLANG_WARN_DOCUMENTATION_COMMENTS = YES;
				CLANG_WARN_EMPTY_BODY = YES;
				CLANG_WARN_ENUM_CONVERSION = YES;
				CLANG_WARN_INFINITE_RECURSION = YES;
				CLANG_WARN_INT_CONVERSION = YES;
				CLANG_WARN_NON_LITERAL_NULL_CONVERSION = YES;
				CLANG_WARN_OBJC_IMPLICIT_RETAIN_SELF = YES;
				CLANG_WARN_OBJC_LITERAL_CONVERSION = YES;
				CLANG_WARN_OBJC_ROOT_CLASS = YES_ERROR;
				CLANG_WARN_QUOTED_INCLUDE_IN_FRAMEWORK_HEADER = YES;
				CLANG_WARN_RANGE_LOOP_ANALYSIS = YES;
				CLANG_WARN_STRICT_PROTOTYPES = YES;
				CLANG_WARN_SUSPICIOUS_MOVE = YES;
				CLANG_WARN_UNGUARDED_AVAILABILITY = YES_AGGRESSIVE;
				CLANG_WARN_UNREACHABLE_CODE = YES;
				CLANG_WARN__DUPLICATE_METHOD_MATCH = YES;
				COPY_PHASE_STRIP = NO;
				DEBUG_INFORMATION_FORMAT = "dwarf-with-dsym";
				ENABLE_NS_ASSERTIONS = NO;
				ENABLE_STRICT_OBJC_MSGSEND = YES;
				GCC_C_LANGUAGE_STANDARD = gnu11;
				GCC_NO_COMMON_BLOCKS = YES;
				GCC_WARN_64_TO_32_BIT_CONVERSION = YES;
				GCC_WARN_ABOUT_RETURN_TYPE = YES_ERROR;
				GCC_WARN_UNDECLARED_SELECTOR = YES;
				GCC_WARN_UNINITIALIZED_AUTOS = YES_AGGRESSIVE;
				GCC_WARN_UNUSED_FUNCTION = YES;
				GCC_WARN_UNUSED_VARIABLE = YES;
				IPHONEOS_DEPLOYMENT_TARGET = 15.4;
				MTL_ENABLE_DEBUG_INFO = NO;
				MTL_FAST_MATH = YES;
				SDKROOT = iphoneos;
				SWIFT_COMPILATION_MODE = wholemodule;
				SWIFT_OPTIMIZATION_LEVEL = "-O";
				VALIDATE_PRODUCT = YES;
			};
			name = Release;
		};
		D5BCD3A2290AEF31001A38F8 /* Debug */ = {
			isa = XCBuildConfiguration;
			buildSettings = {
				ASSETCATALOG_COMPILER_APPICON_NAME = AppIcon;
				ASSETCATALOG_COMPILER_GLOBAL_ACCENT_COLOR_NAME = AccentColor;
				CODE_SIGN_STYLE = Automatic;
				CURRENT_PROJECT_VERSION = 1;
				DEVELOPMENT_ASSET_PATHS = "\"HiBunny/Preview Content\"";
				DEVELOPMENT_TEAM = WA62BJ74N5;
				ENABLE_PREVIEWS = YES;
				GENERATE_INFOPLIST_FILE = YES;
				INFOPLIST_KEY_UIApplicationSceneManifest_Generation = YES;
				INFOPLIST_KEY_UIApplicationSupportsIndirectInputEvents = YES;
				INFOPLIST_KEY_UILaunchScreen_Generation = YES;
				INFOPLIST_KEY_UILaunchStoryboardName = "Launch Screen";
				INFOPLIST_KEY_UISupportedInterfaceOrientations_iPad = "UIInterfaceOrientationPortrait UIInterfaceOrientationPortraitUpsideDown UIInterfaceOrientationLandscapeLeft UIInterfaceOrientationLandscapeRight";
				INFOPLIST_KEY_UISupportedInterfaceOrientations_iPhone = "UIInterfaceOrientationPortrait UIInterfaceOrientationLandscapeLeft UIInterfaceOrientationLandscapeRight";
				LD_RUNPATH_SEARCH_PATHS = (
					"$(inherited)",
					"@executable_path/Frameworks",
				);
				MARKETING_VERSION = 1.0;
				PRODUCT_BUNDLE_IDENTIFIER = com.nwli.HiBunny;
				PRODUCT_NAME = "$(TARGET_NAME)";
				SWIFT_EMIT_LOC_STRINGS = YES;
				SWIFT_VERSION = 5.0;
				TARGETED_DEVICE_FAMILY = "1,2";
			};
			name = Debug;
		};
		D5BCD3A3290AEF31001A38F8 /* Release */ = {
			isa = XCBuildConfiguration;
			buildSettings = {
				ASSETCATALOG_COMPILER_APPICON_NAME = AppIcon;
				ASSETCATALOG_COMPILER_GLOBAL_ACCENT_COLOR_NAME = AccentColor;
				CODE_SIGN_STYLE = Automatic;
				CURRENT_PROJECT_VERSION = 1;
				DEVELOPMENT_ASSET_PATHS = "\"HiBunny/Preview Content\"";
				DEVELOPMENT_TEAM = WA62BJ74N5;
				ENABLE_PREVIEWS = YES;
				GENERATE_INFOPLIST_FILE = YES;
				INFOPLIST_KEY_UIApplicationSceneManifest_Generation = YES;
				INFOPLIST_KEY_UIApplicationSupportsIndirectInputEvents = YES;
				INFOPLIST_KEY_UILaunchScreen_Generation = YES;
				INFOPLIST_KEY_UILaunchStoryboardName = "Launch Screen";
				INFOPLIST_KEY_UISupportedInterfaceOrientations_iPad = "UIInterfaceOrientationPortrait UIInterfaceOrientationPortraitUpsideDown UIInterfaceOrientationLandscapeLeft UIInterfaceOrientationLandscapeRight";
				INFOPLIST_KEY_UISupportedInterfaceOrientations_iPhone = "UIInterfaceOrientationPortrait UIInterfaceOrientationLandscapeLeft UIInterfaceOrientationLandscapeRight";
				LD_RUNPATH_SEARCH_PATHS = (
					"$(inherited)",
					"@executable_path/Frameworks",
				);
				MARKETING_VERSION = 1.0;
				PRODUCT_BUNDLE_IDENTIFIER = com.nwli.HiBunny;
				PRODUCT_NAME = "$(TARGET_NAME)";
				SWIFT_EMIT_LOC_STRINGS = YES;
				SWIFT_VERSION = 5.0;
				TARGETED_DEVICE_FAMILY = "1,2";
			};
			name = Release;
		};
/* End XCBuildConfiguration section */

/* Begin XCConfigurationList section */
		D5BCD38E290AEF2B001A38F8 /* Build configuration list for PBXProject "HiBunny" */ = {
			isa = XCConfigurationList;
			buildConfigurations = (
				D5BCD39F290AEF31001A38F8 /* Debug */,
				D5BCD3A0290AEF31001A38F8 /* Release */,
			);
			defaultConfigurationIsVisible = 0;
			defaultConfigurationName = Release;
		};
		D5BCD3A1290AEF31001A38F8 /* Build configuration list for PBXNativeTarget "HiBunny" */ = {
			isa = XCConfigurationList;
			buildConfigurations = (
				D5BCD3A2290AEF31001A38F8 /* Debug */,
				D5BCD3A3290AEF31001A38F8 /* Release */,
			);
			defaultConfigurationIsVisible = 0;
			defaultConfigurationName = Release;
		};
/* End XCConfigurationList section */
	};
	rootObject = D5BCD38B290AEF2B001A38F8 /* Project object */;
}
